
Microsoft Visual Studio Solution File, Format Version 12.00
# Visual Studio 15
VisualStudioVersion = 15.0.28307.2092
MinimumVisualStudioVersion = 10.0.40219.1
Project("{FAE04EC0-301F-11D3-BF4B-00C04F79EFBC}") = "ConsoleApp", "src\ConsoleApp\ConsoleApp.csproj", "{97499DCA-041A-4280-A9A9-3292FA2E92D7}"
EndProject
Project("{FAE04EC0-301F-11D3-BF4B-00C04F79EFBC}") = "ClassLibrary", "src\ClassLibrary\ClassLibrary.csproj", "{E43B4578-E560-464E-B248-FF64008C2B92}"
EndProject
Project("{FAE04EC0-301F-11D3-BF4B-00C04F79EFBC}") = "UnitTestProject", "src\UnitTestProject\UnitTestProject.csproj", "{AF0FCC54-C15B-4EDA-8063-5C036D2AA654}"
EndProject
Project("{9A19103F-16F7-4668-BE54-9A1E7A4F7556}") = "ASPNET_Core_Web_Mvc", "src\ASPNET_Core_Web_Mvc\ASPNET_Core_Web_Mvc.csproj", "{F00C8B0A-85B0-42F8-B44D-4FF7D1A688B9}"
EndProject
Project("{2150E333-8FDC-42A3-9474-1A3956D46DE8}") = "NetFramework", "NetFramework", "{45C0ADD0-3F43-4952-A967-96B34236E7B2}"
EndProject
Project("{2150E333-8FDC-42A3-9474-1A3956D46DE8}") = "NetCore", "NetCore", "{5DDA5ACD-13EE-44BF-AB19-621BED1EF940}"
EndProject
Project("{FAE04EC0-301F-11D3-BF4B-00C04F79EFBC}") = "ASPNET_Web_MVC", "src\ASPNET_Web_MVC\ASPNET_Web_MVC.csproj", "{5B656B43-9F1F-4559-9BA4-8F48886863D4}"
EndProject
Project("{FAE04EC0-301F-11D3-BF4B-00C04F79EFBC}") = "ASPNET_Web_WebForms", "ASPNET_Web_WebForms\ASPNET_Web_WebForms.csproj", "{3571EE81-7796-4140-BCFD-4F6EB097CC72}"
EndProject
Project("{FAE04EC0-301F-11D3-BF4B-00C04F79EFBC}") = "ASPNET_Web_WebAPI", "ASPNET_Web_WebAPI\ASPNET_Web_WebAPI.csproj", "{07E2B93E-0564-4F01-9AAA-2D67F4CE61CA}"
EndProject
Project("{FAE04EC0-301F-11D3-BF4B-00C04F79EFBC}") = "ASPNET_Web_Empty", "ASPNET_Web_Empty\ASPNET_Web_Empty.csproj", "{4989E2C6-68D2-4E0E-A55A-62FDE128AD2B}"
EndProject
Project("{FAE04EC0-301F-11D3-BF4B-00C04F79EFBC}") = "ASPNET_Web_Full", "ASPNET_Web_Full\ASPNET_Web_Full.csproj", "{3431007D-8C7A-441E-92F2-154A5C77C638}"
EndProject
Project("{FAE04EC0-301F-11D3-BF4B-00C04F79EFBC}") = "ASPNET_Web_Full_Mvc", "ASPNET_Web_Full_Mvc\ASPNET_Web_Full_Mvc.csproj", "{DF3F5A33-9E62-40DA-B343-76D5DBE5A7A2}"
EndProject
Global
	GlobalSection(SolutionConfigurationPlatforms) = preSolution
		Debug|Any CPU = Debug|Any CPU
		Release|Any CPU = Release|Any CPU
	EndGlobalSection
	GlobalSection(ProjectConfigurationPlatforms) = postSolution
		{97499DCA-041A-4280-A9A9-3292FA2E92D7}.Debug|Any CPU.ActiveCfg = Debug|Any CPU
		{97499DCA-041A-4280-A9A9-3292FA2E92D7}.Debug|Any CPU.Build.0 = Debug|Any CPU
		{97499DCA-041A-4280-A9A9-3292FA2E92D7}.Release|Any CPU.ActiveCfg = Release|Any CPU
		{97499DCA-041A-4280-A9A9-3292FA2E92D7}.Release|Any CPU.Build.0 = Release|Any CPU
		{E43B4578-E560-464E-B248-FF64008C2B92}.Debug|Any CPU.ActiveCfg = Debug|Any CPU
		{E43B4578-E560-464E-B248-FF64008C2B92}.Debug|Any CPU.Build.0 = Debug|Any CPU
		{E43B4578-E560-464E-B248-FF64008C2B92}.Release|Any CPU.ActiveCfg = Release|Any CPU
		{E43B4578-E560-464E-B248-FF64008C2B92}.Release|Any CPU.Build.0 = Release|Any CPU
		{AF0FCC54-C15B-4EDA-8063-5C036D2AA654}.Debug|Any CPU.ActiveCfg = Debug|Any CPU
		{AF0FCC54-C15B-4EDA-8063-5C036D2AA654}.Debug|Any CPU.Build.0 = Debug|Any CPU
		{AF0FCC54-C15B-4EDA-8063-5C036D2AA654}.Release|Any CPU.ActiveCfg = Release|Any CPU
		{AF0FCC54-C15B-4EDA-8063-5C036D2AA654}.Release|Any CPU.Build.0 = Release|Any CPU
		{F00C8B0A-85B0-42F8-B44D-4FF7D1A688B9}.Debug|Any CPU.ActiveCfg = Debug|Any CPU
		{F00C8B0A-85B0-42F8-B44D-4FF7D1A688B9}.Debug|Any CPU.Build.0 = Debug|Any CPU
		{F00C8B0A-85B0-42F8-B44D-4FF7D1A688B9}.Release|Any CPU.ActiveCfg = Release|Any CPU
		{F00C8B0A-85B0-42F8-B44D-4FF7D1A688B9}.Release|Any CPU.Build.0 = Release|Any CPU
		{5B656B43-9F1F-4559-9BA4-8F48886863D4}.Debug|Any CPU.ActiveCfg = Debug|Any CPU
		{5B656B43-9F1F-4559-9BA4-8F48886863D4}.Debug|Any CPU.Build.0 = Debug|Any CPU
		{5B656B43-9F1F-4559-9BA4-8F48886863D4}.Release|Any CPU.ActiveCfg = Release|Any CPU
		{5B656B43-9F1F-4559-9BA4-8F48886863D4}.Release|Any CPU.Build.0 = Release|Any CPU
		{3571EE81-7796-4140-BCFD-4F6EB097CC72}.Debug|Any CPU.ActiveCfg = Debug|Any CPU
		{3571EE81-7796-4140-BCFD-4F6EB097CC72}.Debug|Any CPU.Build.0 = Debug|Any CPU
		{3571EE81-7796-4140-BCFD-4F6EB097CC72}.Release|Any CPU.ActiveCfg = Release|Any CPU
		{3571EE81-7796-4140-BCFD-4F6EB097CC72}.Release|Any CPU.Build.0 = Release|Any CPU
		{07E2B93E-0564-4F01-9AAA-2D67F4CE61CA}.Debug|Any CPU.ActiveCfg = Debug|Any CPU
		{07E2B93E-0564-4F01-9AAA-2D67F4CE61CA}.Debug|Any CPU.Build.0 = Debug|Any CPU
		{07E2B93E-0564-4F01-9AAA-2D67F4CE61CA}.Release|Any CPU.ActiveCfg = Release|Any CPU
		{07E2B93E-0564-4F01-9AAA-2D67F4CE61CA}.Release|Any CPU.Build.0 = Release|Any CPU
		{4989E2C6-68D2-4E0E-A55A-62FDE128AD2B}.Debug|Any CPU.ActiveCfg = Debug|Any CPU
		{4989E2C6-68D2-4E0E-A55A-62FDE128AD2B}.Debug|Any CPU.Build.0 = Debug|Any CPU
		{4989E2C6-68D2-4E0E-A55A-62FDE128AD2B}.Release|Any CPU.ActiveCfg = Release|Any CPU
		{4989E2C6-68D2-4E0E-A55A-62FDE128AD2B}.Release|Any CPU.Build.0 = Release|Any CPU
		{3431007D-8C7A-441E-92F2-154A5C77C638}.Debug|Any CPU.ActiveCfg = Debug|Any CPU
		{3431007D-8C7A-441E-92F2-154A5C77C638}.Debug|Any CPU.Build.0 = Debug|Any CPU
		{3431007D-8C7A-441E-92F2-154A5C77C638}.Release|Any CPU.ActiveCfg = Release|Any CPU
		{3431007D-8C7A-441E-92F2-154A5C77C638}.Release|Any CPU.Build.0 = Release|Any CPU
		{DF3F5A33-9E62-40DA-B343-76D5DBE5A7A2}.Debug|Any CPU.ActiveCfg = Debug|Any CPU
		{DF3F5A33-9E62-40DA-B343-76D5DBE5A7A2}.Debug|Any CPU.Build.0 = Debug|Any CPU
		{DF3F5A33-9E62-40DA-B343-76D5DBE5A7A2}.Release|Any CPU.ActiveCfg = Release|Any CPU
		{DF3F5A33-9E62-40DA-B343-76D5DBE5A7A2}.Release|Any CPU.Build.0 = Release|Any CPU
	EndGlobalSection
	GlobalSection(SolutionProperties) = preSolution
		HideSolutionNode = FALSE
	EndGlobalSection
	GlobalSection(NestedProjects) = preSolution
		{97499DCA-041A-4280-A9A9-3292FA2E92D7} = {45C0ADD0-3F43-4952-A967-96B34236E7B2}
		{E43B4578-E560-464E-B248-FF64008C2B92} = {45C0ADD0-3F43-4952-A967-96B34236E7B2}
		{AF0FCC54-C15B-4EDA-8063-5C036D2AA654} = {45C0ADD0-3F43-4952-A967-96B34236E7B2}
		{F00C8B0A-85B0-42F8-B44D-4FF7D1A688B9} = {5DDA5ACD-13EE-44BF-AB19-621BED1EF940}
		{5B656B43-9F1F-4559-9BA4-8F48886863D4} = {45C0ADD0-3F43-4952-A967-96B34236E7B2}
		{3571EE81-7796-4140-BCFD-4F6EB097CC72} = {45C0ADD0-3F43-4952-A967-96B34236E7B2}
		{07E2B93E-0564-4F01-9AAA-2D67F4CE61CA} = {45C0ADD0-3F43-4952-A967-96B34236E7B2}
		{4989E2C6-68D2-4E0E-A55A-62FDE128AD2B} = {45C0ADD0-3F43-4952-A967-96B34236E7B2}
		{3431007D-8C7A-441E-92F2-154A5C77C638} = {45C0ADD0-3F43-4952-A967-96B34236E7B2}
		{DF3F5A33-9E62-40DA-B343-76D5DBE5A7A2} = {45C0ADD0-3F43-4952-A967-96B34236E7B2}
	EndGlobalSection
	GlobalSection(ExtensibilityGlobals) = postSolution
		SolutionGuid = {7851E036-DCB4-4C4A-8A87-33FC96051487}
	EndGlobalSection
EndGlobal
